
Microsoft Visual Studio Solution File, Format Version 12.00
# Visual Studio Version 16
VisualStudioVersion = 16.0.30907.101
MinimumVisualStudioVersion = 10.0.40219.1
Project("{9A19103F-16F7-4668-BE54-9A1E7A4F7556}") = "AddressBookSystem", "AddressBookSystem\AddressBookSystem.csproj", "{551AB235-9EB2-48BC-BC2A-6E20BA275115}"
EndProject
Project("{FAE04EC0-301F-11D3-BF4B-00C04F79EFBC}") = "AddressBookTesting", "AddressBookTesting\AddressBookTesting.csproj", "{8F03D888-9B79-481A-A8C3-29314EAF26F4}"
EndProject
Global
	GlobalSection(SolutionConfigurationPlatforms) = preSolution
		Debug|Any CPU = Debug|Any CPU
		Release|Any CPU = Release|Any CPU
	EndGlobalSection
	GlobalSection(ProjectConfigurationPlatforms) = postSolution
		{551AB235-9EB2-48BC-BC2A-6E20BA275115}.Debug|Any CPU.ActiveCfg = Debug|Any CPU
		{551AB235-9EB2-48BC-BC2A-6E20BA275115}.Debug|Any CPU.Build.0 = Debug|Any CPU
		{551AB235-9EB2-48BC-BC2A-6E20BA275115}.Release|Any CPU.ActiveCfg = Release|Any CPU
		{551AB235-9EB2-48BC-BC2A-6E20BA275115}.Release|Any CPU.Build.0 = Release|Any CPU
		{8F03D888-9B79-481A-A8C3-29314EAF26F4}.Debug|Any CPU.ActiveCfg = Debug|Any CPU
		{8F03D888-9B79-481A-A8C3-29314EAF26F4}.Debug|Any CPU.Build.0 = Debug|Any CPU
		{8F03D888-9B79-481A-A8C3-29314EAF26F4}.Release|Any CPU.ActiveCfg = Release|Any CPU
		{8F03D888-9B79-481A-A8C3-29314EAF26F4}.Release|Any CPU.Build.0 = Release|Any CPU
	EndGlobalSection
	GlobalSection(SolutionProperties) = preSolution
		HideSolutionNode = FALSE
	EndGlobalSection
	GlobalSection(ExtensibilityGlobals) = postSolution
		SolutionGuid = {19485ECF-F147-4D3B-BF02-C945AFD99153}
	EndGlobalSection
EndGlobal
